hash: 2298c06cb6524b05d857ee20ca17c0e2340d43ffd5ace2db21f92035673e0031
updated: 2018-07-05T02:05:36.643017-07:00
imports:
- name: github.com/gorilla/context
  version: 08b5f424b9271eedf6f9f0ce86cb9396ed337a42
- name: github.com/gorilla/mux
  version: e3702bed27f0d39777b0b37b664b6280e8ef8fbf
testImports: []
